
Microsoft Visual Studio Solution File, Format Version 12.00
# Visual Studio 14
VisualStudioVersion = 14.0.25420.1
MinimumVisualStudioVersion = 10.0.40219.1
Project("{FAE04EC0-301F-11D3-BF4B-00C04F79EFBC}") = "SolaceBinding", "Channels\SolaceBinding.csproj", "{D25559A9-5681-4578-8DA0-8EFEF7B8C41E}"
EndProject
Project("{FAE04EC0-301F-11D3-BF4B-00C04F79EFBC}") = "SolaceBinding.Attributes", "SolaceBinding.Attributes\SolaceBinding.Attributes.csproj", "{88358DE8-A06A-4B5F-8A33-546EE2B23C01}"
EndProject
Global
	GlobalSection(SolutionConfigurationPlatforms) = preSolution
		Debug|Any CPU = Debug|Any CPU
		Release|Any CPU = Release|Any CPU
	EndGlobalSection
	GlobalSection(ProjectConfigurationPlatforms) = postSolution
		{D25559A9-5681-4578-8DA0-8EFEF7B8C41E}.Debug|Any CPU.ActiveCfg = Debug|Any CPU
		{D25559A9-5681-4578-8DA0-8EFEF7B8C41E}.Debug|Any CPU.Build.0 = Debug|Any CPU
		{D25559A9-5681-4578-8DA0-8EFEF7B8C41E}.Release|Any CPU.ActiveCfg = Release|Any CPU
		{D25559A9-5681-4578-8DA0-8EFEF7B8C41E}.Release|Any CPU.Build.0 = Release|Any CPU
		{88358DE8-A06A-4B5F-8A33-546EE2B23C01}.Debug|Any CPU.ActiveCfg = Debug|Any CPU
		{88358DE8-A06A-4B5F-8A33-546EE2B23C01}.Debug|Any CPU.Build.0 = Debug|Any CPU
		{88358DE8-A06A-4B5F-8A33-546EE2B23C01}.Release|Any CPU.ActiveCfg = Release|Any CPU
		{88358DE8-A06A-4B5F-8A33-546EE2B23C01}.Release|Any CPU.Build.0 = Release|Any CPU
	EndGlobalSection
	GlobalSection(SolutionProperties) = preSolution
		HideSolutionNode = FALSE
	EndGlobalSection
EndGlobal
